// !$*UTF8*$!
{
	archiveVersion = 1;
	classes = {
	};
	objectVersion = 56;
	objects = {

/* Begin PBXBuildFile section */
		C43275EA2AA24DF400941093 /* CatBounceView.swift in Sources */ = {isa = PBXBuildFile; fileRef = C43275E92AA24DF400941093 /* CatBounceView.swift */; };
		C43275EC2AA24E1F00941093 /* CatGalleryView.swift in Sources */ = {isa = PBXBuildFile; fileRef = C43275EB2AA24E1F00941093 /* CatGalleryView.swift */; };
		C43275EE2AA2528F00941093 /* CatFactManager.swift in Sources */ = {isa = PBXBuildFile; fileRef = C43275ED2AA2528F00941093 /* CatFactManager.swift */; };
		C43275F02AA2595B00941093 /* CatFact.swift in Sources */ = {isa = PBXBuildFile; fileRef = C43275EF2AA2595B00941093 /* CatFact.swift */; };
		C4C65C6F2A9B5BD60019383C /* tabby_cat_appApp.swift in Sources */ = {isa = PBXBuildFile; fileRef = C4C65C6E2A9B5BD60019383C /* tabby_cat_appApp.swift */; };
		C4C65C712A9B5BD60019383C /* ContentView.swift in Sources */ = {isa = PBXBuildFile; fileRef = C4C65C702A9B5BD60019383C /* ContentView.swift */; };
		C4C65C732A9B5BD80019383C /* Assets.xcassets in Resources */ = {isa = PBXBuildFile; fileRef = C4C65C722A9B5BD80019383C /* Assets.xcassets */; };
		C4C65C762A9B5BD80019383C /* Preview Assets.xcassets in Resources */ = {isa = PBXBuildFile; fileRef = C4C65C752A9B5BD80019383C /* Preview Assets.xcassets */; };
		C4C65C7E2A9B616C0019383C /* CatsFactsView.swift in Sources */ = {isa = PBXBuildFile; fileRef = C4C65C7D2A9B616C0019383C /* CatsFactsView.swift */; };
		C4C65C802A9B61870019383C /* CatImagesView.swift in Sources */ = {isa = PBXBuildFile; fileRef = C4C65C7F2A9B61870019383C /* CatImagesView.swift */; };
/* End PBXBuildFile section */

/* Begin PBXFileReference section */
		C43275E92AA24DF400941093 /* CatBounceView.swift */ = {isa = PBXFileReference; lastKnownFileType = sourcecode.swift; path = CatBounceView.swift; sourceTree = "<group>"; };
		C43275EB2AA24E1F00941093 /* CatGalleryView.swift */ = {isa = PBXFileReference; lastKnownFileType = sourcecode.swift; path = CatGalleryView.swift; sourceTree = "<group>"; };
		C43275ED2AA2528F00941093 /* CatFactManager.swift */ = {isa = PBXFileReference; lastKnownFileType = sourcecode.swift; path = CatFactManager.swift; sourceTree = "<group>"; };
		C43275EF2AA2595B00941093 /* CatFact.swift */ = {isa = PBXFileReference; lastKnownFileType = sourcecode.swift; path = CatFact.swift; sourceTree = "<group>"; };
		C4C65C6B2A9B5BD60019383C /* tabby cat app.app */ = {isa = PBXFileReference; explicitFileType = wrapper.application; includeInIndex = 0; path = "tabby cat app.app"; sourceTree = BUILT_PRODUCTS_DIR; };
		C4C65C6E2A9B5BD60019383C /* tabby_cat_appApp.swift */ = {isa = PBXFileReference; lastKnownFileType = sourcecode.swift; path = tabby_cat_appApp.swift; sourceTree = "<group>"; };
		C4C65C702A9B5BD60019383C /* ContentView.swift */ = {isa = PBXFileReference; lastKnownFileType = sourcecode.swift; path = ContentView.swift; sourceTree = "<group>"; };
		C4C65C722A9B5BD80019383C /* Assets.xcassets */ = {isa = PBXFileReference; lastKnownFileType = folder.assetcatalog; path = Assets.xcassets; sourceTree = "<group>"; };
		C4C65C752A9B5BD80019383C /* Preview Assets.xcassets */ = {isa = PBXFileReference; lastKnownFileType = folder.assetcatalog; path = "Preview Assets.xcassets"; sourceTree = "<group>"; };
		C4C65C7D2A9B616C0019383C /* CatsFactsView.swift */ = {isa = PBXFileReference; lastKnownFileType = sourcecode.swift; path = CatsFactsView.swift; sourceTree = "<group>"; };
		C4C65C7F2A9B61870019383C /* CatImagesView.swift */ = {isa = PBXFileReference; lastKnownFileType = sourcecode.swift; path = CatImagesView.swift; sourceTree = "<group>"; };
/* End PBXFileReference section */

/* Begin PBXFrameworksBuildPhase section */
		C4C65C682A9B5BD60019383C /* Frameworks */ = {
			isa = PBXFrameworksBuildPhase;
			buildActionMask = 2147483647;
			files = (
			);
			runOnlyForDeploymentPostprocessing = 0;
		};
/* End PBXFrameworksBuildPhase section */

/* Begin PBXGroup section */
		C4C65C622A9B5BD60019383C = {
			isa = PBXGroup;
			children = (
				C4C65C6D2A9B5BD60019383C /* tabby cat app */,
				C4C65C6C2A9B5BD60019383C /* Products */,
			);
			sourceTree = "<group>";
		};
		C4C65C6C2A9B5BD60019383C /* Products */ = {
			isa = PBXGroup;
			children = (
				C4C65C6B2A9B5BD60019383C /* tabby cat app.app */,
			);
			name = Products;
			sourceTree = "<group>";
		};
		C4C65C6D2A9B5BD60019383C /* tabby cat app */ = {
			isa = PBXGroup;
			children = (
				C4C65C6E2A9B5BD60019383C /* tabby_cat_appApp.swift */,
				C4C65C7C2A9B613A0019383C /* views */,
				C4C65C722A9B5BD80019383C /* Assets.xcassets */,
				C4C65C742A9B5BD80019383C /* Preview Content */,
			);
			path = "tabby cat app";
			sourceTree = "<group>";
		};
		C4C65C742A9B5BD80019383C /* Preview Content */ = {
			isa = PBXGroup;
			children = (
				C4C65C752A9B5BD80019383C /* Preview Assets.xcassets */,
			);
			path = "Preview Content";
			sourceTree = "<group>";
		};
		C4C65C7C2A9B613A0019383C /* views */ = {
			isa = PBXGroup;
			children = (
				C4C65C702A9B5BD60019383C /* ContentView.swift */,
				C43275ED2AA2528F00941093 /* CatFactManager.swift */,
				C4C65C7D2A9B616C0019383C /* CatsFactsView.swift */,
				C43275EF2AA2595B00941093 /* CatFact.swift */,
				C4C65C7F2A9B61870019383C /* CatImagesView.swift */,
				C43275E92AA24DF400941093 /* CatBounceView.swift */,
				C43275EB2AA24E1F00941093 /* CatGalleryView.swift */,
			);
			path = views;
			sourceTree = "<group>";
		};
/* End PBXGroup section */

/* Begin PBXNativeTarget section */
		C4C65C6A2A9B5BD60019383C /* tabby cat app */ = {
			isa = PBXNativeTarget;
			buildConfigurationList = C4C65C792A9B5BD80019383C /* Build configuration list for PBXNativeTarget "tabby cat app" */;
			buildPhases = (
				C4C65C672A9B5BD60019383C /* Sources */,
				C4C65C682A9B5BD60019383C /* Frameworks */,
				C4C65C692A9B5BD60019383C /* Resources */,
			);
			buildRules = (
			);
			dependencies = (
			);
			name = "tabby cat app";
			productName = "tabby cat app";
			productReference = C4C65C6B2A9B5BD60019383C /* tabby cat app.app */;
			productType = "com.apple.product-type.application";
		};
/* End PBXNativeTarget section */

/* Begin PBXProject section */
		C4C65C632A9B5BD60019383C /* Project object */ = {
			isa = PBXProject;
			attributes = {
				BuildIndependentTargetsInParallel = 1;
				LastSwiftUpdateCheck = 1430;
				LastUpgradeCheck = 1430;
				TargetAttributes = {
					C4C65C6A2A9B5BD60019383C = {
						CreatedOnToolsVersion = 14.3.1;
					};
				};
			};
			buildConfigurationList = C4C65C662A9B5BD60019383C /* Build configuration list for PBXProject "tabby cat app" */;
			compatibilityVersion = "Xcode 14.0";
			developmentRegion = en;
			hasScannedForEncodings = 0;
			knownRegions = (
				en,
				Base,
			);
			mainGroup = C4C65C622A9B5BD60019383C;
			productRefGroup = C4C65C6C2A9B5BD60019383C /* Products */;
			projectDirPath = "";
			projectRoot = "";
			targets = (
				C4C65C6A2A9B5BD60019383C /* tabby cat app */,
			);
		};
/* End PBXProject section */

/* Begin PBXResourcesBuildPhase section */
		C4C65C692A9B5BD60019383C /* Resources */ = {
			isa = PBXResourcesBuildPhase;
			buildActionMask = 2147483647;
			files = (
				C4C65C762A9B5BD80019383C /* Preview Assets.xcassets in Resources */,
				C4C65C732A9B5BD80019383C /* Assets.xcassets in Resources */,
			);
			runOnlyForDeploymentPostprocessing = 0;
		};
/* End PBXResourcesBuildPhase section */

/* Begin PBXSourcesBuildPhase section */
		C4C65C672A9B5BD60019383C /* Sources */ = {
			isa = PBXSourcesBuildPhase;
			buildActionMask = 2147483647;
			files = (
				C43275EC2AA24E1F00941093 /* CatGalleryView.swift in Sources */,
				C4C65C712A9B5BD60019383C /* ContentView.swift in Sources */,
				C43275EE2AA2528F00941093 /* CatFactManager.swift in Sources */,
				C43275EA2AA24DF400941093 /* CatBounceView.swift in Sources */,
				C4C65C6F2A9B5BD60019383C /* tabby_cat_appApp.swift in Sources */,
				C4C65C7E2A9B616C0019383C /* CatsFactsView.swift in Sources */,
				C43275F02AA2595B00941093 /* CatFact.swift in Sources */,
				C4C65C802A9B61870019383C /* CatImagesView.swift in Sources */,
			);
			runOnlyForDeploymentPostprocessing = 0;
		};
/* End PBXSourcesBuildPhase section */

/* Begin XCBuildConfiguration section */
		C4C65C772A9B5BD80019383C /* Debug */ = {
			isa = XCBuildConfiguration;
			buildSettings = {
				ALWAYS_SEARCH_USER_PATHS = NO;
				CLANG_ANALYZER_NONNULL = YES;
				CLANG_ANALYZER_NUMBER_OBJECT_CONVERSION = YES_AGGRESSIVE;
				CLANG_CXX_LANGUAGE_STANDARD = "gnu++20";
				CLANG_ENABLE_MODULES = YES;
				CLANG_ENABLE_OBJC_ARC = YES;
				CLANG_ENABLE_OBJC_WEAK = YES;
				CLANG_WARN_BLOCK_CAPTURE_AUTORELEASING = YES;
				CLANG_WARN_BOOL_CONVERSION = YES;
				CLANG_WARN_COMMA = YES;
				CLANG_WARN_CONSTANT_CONVERSION = YES;
				CLANG_WARN_DEPRECATED_OBJC_IMPLEMENTATIONS = YES;
				CLANG_WARN_DIRECT_OBJC_ISA_USAGE = YES_ERROR;
				CLANG_WARN_DOCUMENTATION_COMMENTS = YES;
				CLANG_WARN_EMPTY_BODY = YES;
				CLANG_WARN_ENUM_CONVERSION = YES;
				CLANG_WARN_INFINITE_RECURSION = YES;
				CLANG_WARN_INT_CONVERSION = YES;
				CLANG_WARN_NON_LITERAL_NULL_CONVERSION = YES;
				CLANG_WARN_OBJC_IMPLICIT_RETAIN_SELF = YES;
				CLANG_WARN_OBJC_LITERAL_CONVERSION = YES;
				CLANG_WARN_OBJC_ROOT_CLASS = YES_ERROR;
				CLANG_WARN_QUOTED_INCLUDE_IN_FRAMEWORK_HEADER = YES;
				CLANG_WARN_RANGE_LOOP_ANALYSIS = YES;
				CLANG_WARN_STRICT_PROTOTYPES = YES;
				CLANG_WARN_SUSPICIOUS_MOVE = YES;
				CLANG_WARN_UNGUARDED_AVAILABILITY = YES_AGGRESSIVE;
				CLANG_WARN_UNREACHABLE_CODE = YES;
				CLANG_WARN__DUPLICATE_METHOD_MATCH = YES;
				COPY_PHASE_STRIP = NO;
				DEBUG_INFORMATION_FORMAT = dwarf;
				ENABLE_STRICT_OBJC_MSGSEND = YES;
				ENABLE_TESTABILITY = YES;
				GCC_C_LANGUAGE_STANDARD = gnu11;
				GCC_DYNAMIC_NO_PIC = NO;
				GCC_NO_COMMON_BLOCKS = YES;
				GCC_OPTIMIZATION_LEVEL = 0;
				GCC_PREPROCESSOR_DEFINITIONS = (
					"DEBUG=1",
					"$(inherited)",
				);
				GCC_WARN_64_TO_32_BIT_CONVERSION = YES;
				GCC_WARN_ABOUT_RETURN_TYPE = YES_ERROR;
				GCC_WARN_UNDECLARED_SELECTOR = YES;
				GCC_WARN_UNINITIALIZED_AUTOS = YES_AGGRESSIVE;
				GCC_WARN_UNUSED_FUNCTION = YES;
				GCC_WARN_UNUSED_VARIABLE = YES;
				IPHONEOS_DEPLOYMENT_TARGET = 16.4;
				MTL_ENABLE_DEBUG_INFO = INCLUDE_SOURCE;
				MTL_FAST_MATH = YES;
				ONLY_ACTIVE_ARCH = YES;
				SDKROOT = iphoneos;
				SWIFT_ACTIVE_COMPILATION_CONDITIONS = DEBUG;
				SWIFT_OPTIMIZATION_LEVEL = "-Onone";
			};
			name = Debug;
		};
		C4C65C782A9B5BD80019383C /* Release */ = {
			isa = XCBuildConfiguration;
			buildSettings = {
				ALWAYS_SEARCH_USER_PATHS = NO;
				CLANG_ANALYZER_NONNULL = YES;
				CLANG_ANALYZER_NUMBER_OBJECT_CONVERSION = YES_AGGRESSIVE;
				CLANG_CXX_LANGUAGE_STANDARD = "gnu++20";
				CLANG_ENABLE_MODULES = YES;
				CLANG_ENABLE_OBJC_ARC = YES;
				CLANG_ENABLE_OBJC_WEAK = YES;
				CLANG_WARN_BLOCK_CAPTURE_AUTORELEASING = YES;
				CLANG_WARN_BOOL_CONVERSION = YES;
				CLANG_WARN_COMMA = YES;
				CLANG_WARN_CONSTANT_CONVERSION = YES;
				CLANG_WARN_DEPRECATED_OBJC_IMPLEMENTATIONS = YES;
				CLANG_WARN_DIRECT_OBJC_ISA_USAGE = YES_ERROR;
				CLANG_WARN_DOCUMENTATION_COMMENTS = YES;
				CLANG_WARN_EMPTY_BODY = YES;
				CLANG_WARN_ENUM_CONVERSION = YES;
				CLANG_WARN_INFINITE_RECURSION = YES;
				CLANG_WARN_INT_CONVERSION = YES;
				CLANG_WARN_NON_LITERAL_NULL_CONVERSION = YES;
				CLANG_WARN_OBJC_IMPLICIT_RETAIN_SELF = YES;
				CLANG_WARN_OBJC_LITERAL_CONVERSION = YES;
				CLANG_WARN_OBJC_ROOT_CLASS = YES_ERROR;
				CLANG_WARN_QUOTED_INCLUDE_IN_FRAMEWORK_HEADER = YES;
				CLANG_WARN_RANGE_LOOP_ANALYSIS = YES;
				CLANG_WARN_STRICT_PROTOTYPES = YES;
				CLANG_WARN_SUSPICIOUS_MOVE = YES;
				CLANG_WARN_UNGUARDED_AVAILABILITY = YES_AGGRESSIVE;
				CLANG_WARN_UNREACHABLE_CODE = YES;
				CLANG_WARN__DUPLICATE_METHOD_MATCH = YES;
				COPY_PHASE_STRIP = NO;
				DEBUG_INFORMATION_FORMAT = "dwarf-with-dsym";
				ENABLE_NS_ASSERTIONS = NO;
				ENABLE_STRICT_OBJC_MSGSEND = YES;
				GCC_C_LANGUAGE_STANDARD = gnu11;
				GCC_NO_COMMON_BLOCKS = YES;
				GCC_WARN_64_TO_32_BIT_CONVERSION = YES;
				GCC_WARN_ABOUT_RETURN_TYPE = YES_ERROR;
				GCC_WARN_UNDECLARED_SELECTOR = YES;
				GCC_WARN_UNINITIALIZED_AUTOS = YES_AGGRESSIVE;
				GCC_WARN_UNUSED_FUNCTION = YES;
				GCC_WARN_UNUSED_VARIABLE = YES;
				IPHONEOS_DEPLOYMENT_TARGET = 16.4;
				MTL_ENABLE_DEBUG_INFO = NO;
				MTL_FAST_MATH = YES;
				SDKROOT = iphoneos;
				SWIFT_COMPILATION_MODE = wholemodule;
				SWIFT_OPTIMIZATION_LEVEL = "-O";
				VALIDATE_PRODUCT = YES;
			};
			name = Release;
		};
		C4C65C7A2A9B5BD80019383C /* Debug */ = {
			isa = XCBuildConfiguration;
			buildSettings = {
				ASSETCATALOG_COMPILER_APPICON_NAME = AppIcon;
				ASSETCATALOG_COMPILER_GLOBAL_ACCENT_COLOR_NAME = AccentColor;
				CODE_SIGN_STYLE = Automatic;
				CURRENT_PROJECT_VERSION = 1;
				DEVELOPMENT_ASSET_PATHS = "\"tabby cat app/Preview Content\"";
				ENABLE_PREVIEWS = YES;
				GENERATE_INFOPLIST_FILE = YES;
				INFOPLIST_KEY_UIApplicationSceneManifest_Generation = YES;
				INFOPLIST_KEY_UIApplicationSupportsIndirectInputEvents = YES;
				INFOPLIST_KEY_UILaunchScreen_Generation = YES;
				INFOPLIST_KEY_UISupportedInterfaceOrientations_iPad = "UIInterfaceOrientationPortrait UIInterfaceOrientationPortraitUpsideDown UIInterfaceOrientationLandscapeLeft UIInterfaceOrientationLandscapeRight";
				INFOPLIST_KEY_UISupportedInterfaceOrientations_iPhone = "UIInterfaceOrientationPortrait UIInterfaceOrientationLandscapeLeft UIInterfaceOrientationLandscapeRight";
				LD_RUNPATH_SEARCH_PATHS = (
					"$(inherited)",
					"@executable_path/Frameworks",
				);
				MARKETING_VERSION = 1.0;
				PRODUCT_BUNDLE_IDENTIFIER = "com.razanr.tabby-cat-app";
				PRODUCT_NAME = "$(TARGET_NAME)";
				SWIFT_EMIT_LOC_STRINGS = YES;
				SWIFT_VERSION = 5.0;
				TARGETED_DEVICE_FAMILY = "1,2";
			};
			name = Debug;
		};
		C4C65C7B2A9B5BD80019383C /* Release */ = {
			isa = XCBuildConfiguration;
			buildSettings = {
				ASSETCATALOG_COMPILER_APPICON_NAME = AppIcon;
				ASSETCATALOG_COMPILER_GLOBAL_ACCENT_COLOR_NAME = AccentColor;
				CODE_SIGN_STYLE = Automatic;
				CURRENT_PROJECT_VERSION = 1;
				DEVELOPMENT_ASSET_PATHS = "\"tabby cat app/Preview Content\"";
				ENABLE_PREVIEWS = YES;
				GENERATE_INFOPLIST_FILE = YES;
				INFOPLIST_KEY_UIApplicationSceneManifest_Generation = YES;
				INFOPLIST_KEY_UIApplicationSupportsIndirectInputEvents = YES;
				INFOPLIST_KEY_UILaunchScreen_Generation = YES;
				INFOPLIST_KEY_UISupportedInterfaceOrientations_iPad = "UIInterfaceOrientationPortrait UIInterfaceOrientationPortraitUpsideDown UIInterfaceOrientationLandscapeLeft UIInterfaceOrientationLandscapeRight";
				INFOPLIST_KEY_UISupportedInterfaceOrientations_iPhone = "UIInterfaceOrientationPortrait UIInterfaceOrientationLandscapeLeft UIInterfaceOrientationLandscapeRight";
				LD_RUNPATH_SEARCH_PATHS = (
					"$(inherited)",
					"@executable_path/Frameworks",
				);
				MARKETING_VERSION = 1.0;
				PRODUCT_BUNDLE_IDENTIFIER = "com.razanr.tabby-cat-app";
				PRODUCT_NAME = "$(TARGET_NAME)";
				SWIFT_EMIT_LOC_STRINGS = YES;
				SWIFT_VERSION = 5.0;
				TARGETED_DEVICE_FAMILY = "1,2";
			};
			name = Release;
		};
/* End XCBuildConfiguration section */

/* Begin XCConfigurationList section */
		C4C65C662A9B5BD60019383C /* Build configuration list for PBXProject "tabby cat app" */ = {
			isa = XCConfigurationList;
			buildConfigurations = (
				C4C65C772A9B5BD80019383C /* Debug */,
				C4C65C782A9B5BD80019383C /* Release */,
			);
			defaultConfigurationIsVisible = 0;
			defaultConfigurationName = Release;
		};
		C4C65C792A9B5BD80019383C /* Build configuration list for PBXNativeTarget "tabby cat app" */ = {
			isa = XCConfigurationList;
			buildConfigurations = (
				C4C65C7A2A9B5BD80019383C /* Debug */,
				C4C65C7B2A9B5BD80019383C /* Release */,
			);
			defaultConfigurationIsVisible = 0;
			defaultConfigurationName = Release;
		};
/* End XCConfigurationList section */
	};
	rootObject = C4C65C632A9B5BD60019383C /* Project object */;
}
